{
  "requires": true,
  "lockfileVersion": 1,
  "dependencies": {
    "@grapecity/gcpdfviewer": {
      "version": "2.1.17",
      "resolved": "https://registry.npmjs.org/@grapecity/gcpdfviewer/-/gcpdfviewer-2.1.17.tgz",
      "integrity": "sha512-wRi7TuSqjX2UgHJaJxmYxXp1VvaRL/HlU6cTlWO3l2nKGZb8KYe78FvamgUlcYjrKnTWbRBggfoYpZJ+BqRcgg=="
    }
  }
}
